{
    "_readme": [
        "This file locks the dependencies of your project to a known state",
        "Read more about it at http://getcomposer.org/doc/01-basic-usage.md#composer-lock-the-lock-file"
    ],
    "hash": "97a8b7babbf9b92a4a463cbd0da4d712",
    "packages": [
        {
            "name": "composer/installers",
            "version": "dev-master",
            "source": {
                "type": "git",
                "url": "https://github.com/composer/installers.git",
                "reference": "9eb391bcafef76503d0bd4e585756391efc8740f"
            },
            "dist": {
                "type": "zip",
                "url": "https://api.github.com/repos/composer/installers/zipball/9eb391bcafef76503d0bd4e585756391efc8740f",
                "reference": "9eb391bcafef76503d0bd4e585756391efc8740f",
                "shasum": ""
            },
            "replace": {
                "roundcube/plugin-installer": "*",
                "shama/baton": "*"
            },
            "require-dev": {
                "composer/composer": "1.0.*@dev",
                "phpunit/phpunit": "4.1.*"
            },
            "type": "composer-installer",
            "extra": {
                "class": "Composer\\Installers\\Installer",
                "branch-alias": {
                    "dev-master": "1.0-dev"
                }
            },
            "autoload": {
                "psr-0": {
                    "Composer\\Installers\\": "src/"
                }
            },
            "notification-url": "https://packagist.org/downloads/",
            "license": [
                "MIT"
            ],
            "authors": [
                {
                    "name": "Kyle Robinson Young",
                    "email": "kyle@dontkry.com",
                    "homepage": "https://github.com/shama",
                    "role": "Developer"
                }
            ],
            "description": "A multi-framework Composer library installer",
            "homepage": "http://composer.github.com/installers/",
            "keywords": [
                "Craft",
                "Dolibarr",
                "Hurad",
                "MODX Evo",
                "OXID",
                "WolfCMS",
                "agl",
                "annotatecms",
                "bitrix",
                "cakephp",
                "codeigniter",
                "concrete5",
                "croogo",
                "drupal",
                "elgg",
                "fuelphp",
                "installer",
                "joomla",
                "kohana",
                "laravel",
                "lithium",
                "magento",
                "mako",
                "mediawiki",
                "modulework",
                "moodle",
                "phpbb",
                "piwik",
                "ppi",
                "roundcube",
                "shopware",
                "silverstripe",
                "symfony",
                "typo3",
                "wordpress",
                "zend",
                "zikula"
            ],
            "time": "2014-06-27 16:11:39"
        },
        {
            "name": "johnpbloch/wordpress-core-installer",
            "version": "0.2.0",
            "source": {
                "type": "git",
                "url": "https://github.com/johnpbloch/wordpress-core-installer.git",
                "reference": "a4c08e91be99e858c7778c2f52a4d73820147c2e"
            },
            "dist": {
                "type": "zip",
                "url": "https://api.github.com/repos/johnpbloch/wordpress-core-installer/zipball/a4c08e91be99e858c7778c2f52a4d73820147c2e",
                "reference": "a4c08e91be99e858c7778c2f52a4d73820147c2e",
                "shasum": ""
            },
            "require": {
                "composer-plugin-api": "1.0.0"
            },
            "conflict": {
                "composer/installers": "<1.0.6"
            },
            "require-dev": {
                "composer/composer": "1.0.*@dev"
            },
            "type": "composer-plugin",
            "extra": {
                "class": "johnpbloch\\Composer\\WordPressCorePlugin"
            },
            "autoload": {
                "psr-0": {
                    "johnpbloch\\Composer\\": "src/"
                }
            },
            "notification-url": "https://packagist.org/downloads/",
            "license": [
                "GPL-2.0+"
            ],
            "authors": [
                {
                    "name": "John P. Bloch",
                    "email": "me@johnpbloch.com"
                }
            ],
            "description": "A custom installer to handle deploying WordPress with composer",
            "time": "2013-09-09 15:04:54"
        },
        {
            "name": "rarst/wordpress",
            "version": "3.7.1",
            "source": {
                "type": "git",
                "url": "https://github.com/WordPress/WordPress",
                "reference": "3.7.1"
            },
            "dist": {
                "type": "zip",
                "url": "http://wordpress.org/wordpress-3.7.1.zip",
                "reference": null,
                "shasum": null
            },
            "require": {
                "johnpbloch/wordpress-core-installer": "~0.1"
            },
            "type": "wordpress-core"
        },
        {
            "name": "wpackagist-plugin/advanced-custom-fields",
            "version": "dev-trunk",
            "source": {
                "type": "svn",
                "url": "http://plugins.svn.wordpress.org/advanced-custom-fields/",
                "reference": "trunk"
            },
            "dist": {
                "type": "zip",
                "url": "http://downloads.wordpress.org/plugin/advanced-custom-fields.zip",
                "reference": null,
                "shasum": null
            },
            "require": {
                "composer/installers": "~1.0"
            },
            "replace": {
                "wpackagist/advanced-custom-fields": "self.version"
            },
            "type": "wordpress-plugin",
            "homepage": "http://wordpress.org/plugins/advanced-custom-fields/",
            "time": "2014-05-05 05:16:34"
        },
        {
            "name": "wpackagist-plugin/user-switching",
            "version": "dev-trunk",
            "source": {
                "type": "svn",
                "url": "http://plugins.svn.wordpress.org/user-switching/",
                "reference": "trunk"
            },
            "dist": {
                "type": "zip",
                "url": "http://downloads.wordpress.org/plugin/user-switching.zip",
                "reference": null,
                "shasum": null
            },
            "require": {
                "composer/installers": "~1.0"
            },
            "replace": {
                "wpackagist/user-switching": "self.version"
            },
            "type": "wordpress-plugin",
            "homepage": "http://wordpress.org/plugins/user-switching/",
            "time": "2014-05-01 22:40:02"
        }
    ],
    "packages-dev": [
        {
            "name": "wpackagist-plugin/log-deprecated-notices",
            "version": "dev-trunk",
            "source": {
                "type": "svn",
                "url": "http://plugins.svn.wordpress.org/log-deprecated-notices/",
                "reference": "trunk"
            },
            "dist": {
                "type": "zip",
                "url": "http://downloads.wordpress.org/plugin/log-deprecated-notices.zip",
                "reference": null,
                "shasum": null
            },
            "require": {
                "composer/installers": "~1.0"
            },
            "replace": {
                "wpackagist/log-deprecated-notices": "self.version"
            },
            "type": "wordpress-plugin",
            "homepage": "http://wordpress.org/plugins/log-deprecated-notices/",
            "time": "2013-03-08 21:03:50"
        }
    ],
    "aliases": [

    ],
    "minimum-stability": "dev",
    "stability-flags": [

    ],
    "platform": [

    ],
    "platform-dev": [

    ]
}
